{
  "name": "txparse",
  "version": "1.0.0",
  "lockfileVersion": 2,
  "requires": true,
  "packages": {
    "": {
      "name": "txparse",
      "version": "1.0.0",
      "license": "ISC",
      "dependencies": {
        "@ethereumjs/common": "^3.0.0",
        "@ethereumjs/tx": "^4.0.0"
      },
      "devDependencies": {
        "@types/node": "^18.7.16"
      }
    },
    "node_modules/@ethereumjs/common": {
      "version": "3.0.0",
      "resolved": "https://registry.npmjs.org/@ethereumjs/common/-/common-3.0.0.tgz",
      "integrity": "sha512-yHgMom5HFlAJIu8fmA1n0UvBnanhULfuNQAD+tT6ZR6sndLUz2Mc4eegF3Rby579lqJMAc/rpsToP7wA/i4R/w==",
      "dependencies": {
        "@ethereumjs/util": "^8.0.0",
        "crc-32": "^1.2.0"
      }
    },
    "node_modules/@ethereumjs/rlp": {
      "version": "4.0.0",
      "resolved": "https://registry.npmjs.org/@ethereumjs/rlp/-/rlp-4.0.0.tgz",
      "integrity": "sha512-LM4jS5n33bJN60fM5EC8VeyhUgga6/DjCPBV2vWjnfVtobqtOiNC4SQ1MRFqyBSmJGGdB533JZWewyvlcdJtkQ==",
      "bin": {
        "rlp": "bin/rlp"
      },
      "engines": {
        "node": ">=14"
      }
    },
    "node_modules/@ethereumjs/tx": {
      "version": "4.0.0",
      "resolved": "https://registry.npmjs.org/@ethereumjs/tx/-/tx-4.0.0.tgz",
      "integrity": "sha512-W3Fc61kAA3D6vJad2vsfh9ygdaMeScYpf49ephoo/0y+CP9IN+MMrqA6mx1X0Fr/jf52IuW4hDHE/rmgadBV6g==",
      "dependencies": {
        "@ethereumjs/common": "^3.0.0",
        "@ethereumjs/rlp": "^4.0.0",
        "@ethereumjs/util": "^8.0.0",
        "ethereum-cryptography": "^1.1.2"
      },
      "engines": {
        "node": ">=14"
      }
    },
    "node_modules/@ethereumjs/util": {
      "version": "8.0.0",
      "resolved": "https://registry.npmjs.org/@ethereumjs/util/-/util-8.0.0.tgz",
      "integrity": "sha512-Zz/Ovar0VU/CaYHLvigBTjG5PmkG0OzjvRjjoXRJbJcdWJoTCN2N4BYgoCBOZomKjaAT4ABpQ7wer6ZFOglvjg==",
      "dependencies": {
        "@ethereumjs/rlp": "^4.0.0-beta.2",
        "ethereum-cryptography": "^1.1.2"
      },
      "engines": {
        "node": ">=14"
      }
    },
    "node_modules/@noble/hashes": {
      "version": "1.1.2",
      "resolved": "https://registry.npmjs.org/@noble/hashes/-/hashes-1.1.2.tgz",
      "integrity": "sha512-KYRCASVTv6aeUi1tsF8/vpyR7zpfs3FUzy2Jqm+MU+LmUKhQ0y2FpfwqkCcxSg2ua4GALJd8k2R76WxwZGbQpA==",
      "funding": [
        {
          "type": "individual",
          "url": "https://paulmillr.com/funding/"
        }
      ]
    },
    "node_modules/@noble/secp256k1": {
      "version": "1.6.3",
      "resolved": "https://registry.npmjs.org/@noble/secp256k1/-/secp256k1-1.6.3.tgz",
      "integrity": "sha512-T04e4iTurVy7I8Sw4+c5OSN9/RkPlo1uKxAomtxQNLq8j1uPAqnsqG1bqvY3Jv7c13gyr6dui0zmh/I3+f/JaQ==",
      "funding": [
        {
          "type": "individual",
          "url": "https://paulmillr.com/funding/"
        }
      ]
    },
    "node_modules/@scure/base": {
      "version": "1.1.1",
      "resolved": "https://registry.npmjs.org/@scure/base/-/base-1.1.1.tgz",
      "integrity": "sha512-ZxOhsSyxYwLJj3pLZCefNitxsj093tb2vq90mp2txoYeBqbcjDjqFhyM8eUjq/uFm6zJ+mUuqxlS2FkuSY1MTA==",
      "funding": [
        {
          "type": "individual",
          "url": "https://paulmillr.com/funding/"
        }
      ]
    },
    "node_modules/@scure/bip32": {
      "version": "1.1.0",
      "resolved": "https://registry.npmjs.org/@scure/bip32/-/bip32-1.1.0.tgz",
      "integrity": "sha512-ftTW3kKX54YXLCxH6BB7oEEoJfoE2pIgw7MINKAs5PsS6nqKPuKk1haTF/EuHmYqG330t5GSrdmtRuHaY1a62Q==",
      "funding": [
        {
          "type": "individual",
          "url": "https://paulmillr.com/funding/"
        }
      ],
      "dependencies": {
        "@noble/hashes": "~1.1.1",
        "@noble/secp256k1": "~1.6.0",
        "@scure/base": "~1.1.0"
      }
    },
    "node_modules/@scure/bip39": {
      "version": "1.1.0",
      "resolved": "https://registry.npmjs.org/@scure/bip39/-/bip39-1.1.0.tgz",
      "integrity": "sha512-pwrPOS16VeTKg98dYXQyIjJEcWfz7/1YJIwxUEPFfQPtc86Ym/1sVgQ2RLoD43AazMk2l/unK4ITySSpW2+82w==",
      "funding": [
        {
          "type": "individual",
          "url": "https://paulmillr.com/funding/"
        }
      ],
      "dependencies": {
        "@noble/hashes": "~1.1.1",
        "@scure/base": "~1.1.0"
      }
    },
    "node_modules/@types/node": {
      "version": "18.7.16",
      "resolved": "https://registry.npmjs.org/@types/node/-/node-18.7.16.tgz",
      "integrity": "sha512-EQHhixfu+mkqHMZl1R2Ovuvn47PUw18azMJOTwSZr9/fhzHNGXAJ0ma0dayRVchprpCj0Kc1K1xKoWaATWF1qg==",
      "dev": true
    },
    "node_modules/crc-32": {
      "version": "1.2.2",
      "resolved": "https://registry.npmjs.org/crc-32/-/crc-32-1.2.2.tgz",
      "integrity": "sha512-ROmzCKrTnOwybPcJApAA6WBWij23HVfGVNKqqrZpuyZOHqK2CwHSvpGuyt/UNNvaIjEd8X5IFGp4Mh+Ie1IHJQ==",
      "bin": {
        "crc32": "bin/crc32.njs"
      },
      "engines": {
        "node": ">=0.8"
      }
    },
    "node_modules/ethereum-cryptography": {
      "version": "1.1.2",
      "resolved": "https://registry.npmjs.org/ethereum-cryptography/-/ethereum-cryptography-1.1.2.tgz",
      "integrity": "sha512-XDSJlg4BD+hq9N2FjvotwUET9Tfxpxc3kWGE2AqUG5vcbeunnbImVk3cj6e/xT3phdW21mE8R5IugU4fspQDcQ==",
      "dependencies": {
        "@noble/hashes": "1.1.2",
        "@noble/secp256k1": "1.6.3",
        "@scure/bip32": "1.1.0",
        "@scure/bip39": "1.1.0"
      }
    }
  },
  "dependencies": {
    "@ethereumjs/common": {
      "version": "3.0.0",
      "resolved": "https://registry.npmjs.org/@ethereumjs/common/-/common-3.0.0.tgz",
      "integrity": "sha512-yHgMom5HFlAJIu8fmA1n0UvBnanhULfuNQAD+tT6ZR6sndLUz2Mc4eegF3Rby579lqJMAc/rpsToP7wA/i4R/w==",
      "requires": {
        "@ethereumjs/util": "^8.0.0",
        "crc-32": "^1.2.0"
      }
    },
    "@ethereumjs/rlp": {
      "version": "4.0.0",
      "resolved": "https://registry.npmjs.org/@ethereumjs/rlp/-/rlp-4.0.0.tgz",
      "integrity": "sha512-LM4jS5n33bJN60fM5EC8VeyhUgga6/DjCPBV2vWjnfVtobqtOiNC4SQ1MRFqyBSmJGGdB533JZWewyvlcdJtkQ=="
    },
    "@ethereumjs/tx": {
      "version": "4.0.0",
      "resolved": "https://registry.npmjs.org/@ethereumjs/tx/-/tx-4.0.0.tgz",
      "integrity": "sha512-W3Fc61kAA3D6vJad2vsfh9ygdaMeScYpf49ephoo/0y+CP9IN+MMrqA6mx1X0Fr/jf52IuW4hDHE/rmgadBV6g==",
      "requires": {
        "@ethereumjs/common": "^3.0.0",
        "@ethereumjs/rlp": "^4.0.0",
        "@ethereumjs/util": "^8.0.0",
        "ethereum-cryptography": "^1.1.2"
      }
    },
    "@ethereumjs/util": {
      "version": "8.0.0",
      "resolved": "https://registry.npmjs.org/@ethereumjs/util/-/util-8.0.0.tgz",
      "integrity": "sha512-Zz/Ovar0VU/CaYHLvigBTjG5PmkG0OzjvRjjoXRJbJcdWJoTCN2N4BYgoCBOZomKjaAT4ABpQ7wer6ZFOglvjg==",
      "requires": {
        "@ethereumjs/rlp": "^4.0.0-beta.2",
        "ethereum-cryptography": "^1.1.2"
      }
    },
    "@noble/hashes": {
      "version": "1.1.2",
      "resolved": "https://registry.npmjs.org/@noble/hashes/-/hashes-1.1.2.tgz",
      "integrity": "sha512-KYRCASVTv6aeUi1tsF8/vpyR7zpfs3FUzy2Jqm+MU+LmUKhQ0y2FpfwqkCcxSg2ua4GALJd8k2R76WxwZGbQpA=="
    },
    "@noble/secp256k1": {
      "version": "1.6.3",
      "resolved": "https://registry.npmjs.org/@noble/secp256k1/-/secp256k1-1.6.3.tgz",
      "integrity": "sha512-T04e4iTurVy7I8Sw4+c5OSN9/RkPlo1uKxAomtxQNLq8j1uPAqnsqG1bqvY3Jv7c13gyr6dui0zmh/I3+f/JaQ=="
    },
    "@scure/base": {
      "version": "1.1.1",
      "resolved": "https://registry.npmjs.org/@scure/base/-/base-1.1.1.tgz",
      "integrity": "sha512-ZxOhsSyxYwLJj3pLZCefNitxsj093tb2vq90mp2txoYeBqbcjDjqFhyM8eUjq/uFm6zJ+mUuqxlS2FkuSY1MTA=="
    },
    "@scure/bip32": {
      "version": "1.1.0",
      "resolved": "https://registry.npmjs.org/@scure/bip32/-/bip32-1.1.0.tgz",
      "integrity": "sha512-ftTW3kKX54YXLCxH6BB7oEEoJfoE2pIgw7MINKAs5PsS6nqKPuKk1haTF/EuHmYqG330t5GSrdmtRuHaY1a62Q==",
      "requires": {
        "@noble/hashes": "~1.1.1",
        "@noble/secp256k1": "~1.6.0",
        "@scure/base": "~1.1.0"
      }
    },
    "@scure/bip39": {
      "version": "1.1.0",
      "resolved": "https://registry.npmjs.org/@scure/bip39/-/bip39-1.1.0.tgz",
      "integrity": "sha512-pwrPOS16VeTKg98dYXQyIjJEcWfz7/1YJIwxUEPFfQPtc86Ym/1sVgQ2RLoD43AazMk2l/unK4ITySSpW2+82w==",
      "requires": {
        "@noble/hashes": "~1.1.1",
        "@scure/base": "~1.1.0"
      }
    },
    "@types/node": {
      "version": "18.7.16",
      "resolved": "https://registry.npmjs.org/@types/node/-/node-18.7.16.tgz",
      "integrity": "sha512-EQHhixfu+mkqHMZl1R2Ovuvn47PUw18azMJOTwSZr9/fhzHNGXAJ0ma0dayRVchprpCj0Kc1K1xKoWaATWF1qg==",
      "dev": true
    },
    "crc-32": {
      "version": "1.2.2",
      "resolved": "https://registry.npmjs.org/crc-32/-/crc-32-1.2.2.tgz",
      "integrity": "sha512-ROmzCKrTnOwybPcJApAA6WBWij23HVfGVNKqqrZpuyZOHqK2CwHSvpGuyt/UNNvaIjEd8X5IFGp4Mh+Ie1IHJQ=="
    },
    "ethereum-cryptography": {
      "version": "1.1.2",
      "resolved": "https://registry.npmjs.org/ethereum-cryptography/-/ethereum-cryptography-1.1.2.tgz",
      "integrity": "sha512-XDSJlg4BD+hq9N2FjvotwUET9Tfxpxc3kWGE2AqUG5vcbeunnbImVk3cj6e/xT3phdW21mE8R5IugU4fspQDcQ==",
      "requires": {
        "@noble/hashes": "1.1.2",
        "@noble/secp256k1": "1.6.3",
        "@scure/bip32": "1.1.0",
        "@scure/bip39": "1.1.0"
      }
    }
  }
}
